
Microsoft Visual Studio Solution File, Format Version 12.00
# Visual Studio Version 16
VisualStudioVersion = 16.0.31005.135
MinimumVisualStudioVersion = 10.0.40219.1
Project("{FAE04EC0-301F-11D3-BF4B-00C04F79EFBC}") = "Tarea7", "Tarea7.csproj", "{1A57F7AF-57BE-4B8E-BEC2-B0E410C608F5}"
EndProject
Global
	GlobalSection(SolutionConfigurationPlatforms) = preSolution
		Debug|Any CPU = Debug|Any CPU
		Release|Any CPU = Release|Any CPU
	EndGlobalSection
	GlobalSection(ProjectConfigurationPlatforms) = postSolution
		{1A57F7AF-57BE-4B8E-BEC2-B0E410C608F5}.Debug|Any CPU.ActiveCfg = Debug|Any CPU
		{1A57F7AF-57BE-4B8E-BEC2-B0E410C608F5}.Debug|Any CPU.Build.0 = Debug|Any CPU
		{1A57F7AF-57BE-4B8E-BEC2-B0E410C608F5}.Release|Any CPU.ActiveCfg = Release|Any CPU
		{1A57F7AF-57BE-4B8E-BEC2-B0E410C608F5}.Release|Any CPU.Build.0 = Release|Any CPU
	EndGlobalSection
	GlobalSection(SolutionProperties) = preSolution
		HideSolutionNode = FALSE
	EndGlobalSection
	GlobalSection(ExtensibilityGlobals) = postSolution
		SolutionGuid = {F91682F9-9272-4F30-B6C3-05DBC3D10BD9}
	EndGlobalSection
EndGlobal
